
Microsoft Visual Studio Solution File, Format Version 12.00
# Visual Studio Version 17
VisualStudioVersion = 17.6.33829.357
MinimumVisualStudioVersion = 10.0.40219.1
Project("{FAE04EC0-301F-11D3-BF4B-00C04F79EFBC}") = "Collection", "Collection\Collection.csproj", "{C59C438D-E7C2-4AB4-A713-61DC0F8EE164}"
EndProject
Global
	GlobalSection(SolutionConfigurationPlatforms) = preSolution
		Debug|Any CPU = Debug|Any CPU
		Release|Any CPU = Release|Any CPU
	EndGlobalSection
	GlobalSection(ProjectConfigurationPlatforms) = postSolution
		{C59C438D-E7C2-4AB4-A713-61DC0F8EE164}.Debug|Any CPU.ActiveCfg = Debug|Any CPU
		{C59C438D-E7C2-4AB4-A713-61DC0F8EE164}.Debug|Any CPU.Build.0 = Debug|Any CPU
		{C59C438D-E7C2-4AB4-A713-61DC0F8EE164}.Release|Any CPU.ActiveCfg = Release|Any CPU
		{C59C438D-E7C2-4AB4-A713-61DC0F8EE164}.Release|Any CPU.Build.0 = Release|Any CPU
	EndGlobalSection
	GlobalSection(SolutionProperties) = preSolution
		HideSolutionNode = FALSE
	EndGlobalSection
	GlobalSection(ExtensibilityGlobals) = postSolution
		SolutionGuid = {C7489E16-634C-4955-93ED-918407102D35}
	EndGlobalSection
EndGlobal
